
Microsoft Visual Studio Solution File, Format Version 12.00
# Visual Studio Version 16
VisualStudioVersion = 16.0.30002.166
MinimumVisualStudioVersion = 10.0.40219.1
Project("{8BC9CEB8-8B4A-11D0-8D11-00A0C91BC942}") = "Project_tic-tac-toe", "Project_tic-tac-toe.vcxproj", "{23E02A4B-1966-4CCF-BE5D-660850636CCF}"
EndProject
Global
	GlobalSection(SolutionConfigurationPlatforms) = preSolution
		Debug|x64 = Debug|x64
		Debug|x86 = Debug|x86
		Release|x64 = Release|x64
		Release|x86 = Release|x86
	EndGlobalSection
	GlobalSection(ProjectConfigurationPlatforms) = postSolution
		{23E02A4B-1966-4CCF-BE5D-660850636CCF}.Debug|x64.ActiveCfg = Debug|x64
		{23E02A4B-1966-4CCF-BE5D-660850636CCF}.Debug|x64.Build.0 = Debug|x64
		{23E02A4B-1966-4CCF-BE5D-660850636CCF}.Debug|x86.ActiveCfg = Debug|Win32
		{23E02A4B-1966-4CCF-BE5D-660850636CCF}.Debug|x86.Build.0 = Debug|Win32
		{23E02A4B-1966-4CCF-BE5D-660850636CCF}.Release|x64.ActiveCfg = Release|x64
		{23E02A4B-1966-4CCF-BE5D-660850636CCF}.Release|x64.Build.0 = Release|x64
		{23E02A4B-1966-4CCF-BE5D-660850636CCF}.Release|x86.ActiveCfg = Release|Win32
		{23E02A4B-1966-4CCF-BE5D-660850636CCF}.Release|x86.Build.0 = Release|Win32
	EndGlobalSection
	GlobalSection(SolutionProperties) = preSolution
		HideSolutionNode = FALSE
	EndGlobalSection
	GlobalSection(ExtensibilityGlobals) = postSolution
		SolutionGuid = {7DAEEB3F-9CFE-4F99-BD9B-A711DD3F6111}
	EndGlobalSection
EndGlobal
